
Microsoft Visual Studio Solution File, Format Version 12.00
# Visual Studio Version 16
VisualStudioVersion = 16.0.32228.343
MinimumVisualStudioVersion = 10.0.40219.1
Project("{9A19103F-16F7-4668-BE54-9A1E7A4F7556}") = "Estrutura_while", "Estruturas_de_repetição\Estrutura_while.csproj", "{3DA27543-AB3A-4888-99D6-3B4CFEF073F1}"
EndProject
Project("{FAE04EC0-301F-11D3-BF4B-00C04F79EFBC}") = "Estrutura_for", "Estrutura_for\Estrutura_for.csproj", "{F6894EB1-EBA2-4A40-9128-E0675E619981}"
EndProject
Global
	GlobalSection(SolutionConfigurationPlatforms) = preSolution
		Debug|Any CPU = Debug|Any CPU
		Release|Any CPU = Release|Any CPU
	EndGlobalSection
	GlobalSection(ProjectConfigurationPlatforms) = postSolution
		{3DA27543-AB3A-4888-99D6-3B4CFEF073F1}.Debug|Any CPU.ActiveCfg = Debug|Any CPU
		{3DA27543-AB3A-4888-99D6-3B4CFEF073F1}.Debug|Any CPU.Build.0 = Debug|Any CPU
		{3DA27543-AB3A-4888-99D6-3B4CFEF073F1}.Release|Any CPU.ActiveCfg = Release|Any CPU
		{3DA27543-AB3A-4888-99D6-3B4CFEF073F1}.Release|Any CPU.Build.0 = Release|Any CPU
		{F6894EB1-EBA2-4A40-9128-E0675E619981}.Debug|Any CPU.ActiveCfg = Debug|Any CPU
		{F6894EB1-EBA2-4A40-9128-E0675E619981}.Debug|Any CPU.Build.0 = Debug|Any CPU
		{F6894EB1-EBA2-4A40-9128-E0675E619981}.Release|Any CPU.ActiveCfg = Release|Any CPU
		{F6894EB1-EBA2-4A40-9128-E0675E619981}.Release|Any CPU.Build.0 = Release|Any CPU
	EndGlobalSection
	GlobalSection(SolutionProperties) = preSolution
		HideSolutionNode = FALSE
	EndGlobalSection
	GlobalSection(ExtensibilityGlobals) = postSolution
		SolutionGuid = {1EDBB1AD-7248-430F-8A78-147E775623E9}
	EndGlobalSection
EndGlobal
