
Microsoft Visual Studio Solution File, Format Version 12.00
# Visual Studio Version 16
VisualStudioVersion = 16.0.32228.343
MinimumVisualStudioVersion = 10.0.40219.1
Project("{FAE04EC0-301F-11D3-BF4B-00C04F79EFBC}") = "Operadores_de_atribuição", "Operadores_de_atribuição\Operadores_de_atribuição.csproj", "{ACEA4DC4-9829-4CF4-8048-165E5B28D536}"
EndProject
Global
	GlobalSection(SolutionConfigurationPlatforms) = preSolution
		Debug|Any CPU = Debug|Any CPU
		Release|Any CPU = Release|Any CPU
	EndGlobalSection
	GlobalSection(ProjectConfigurationPlatforms) = postSolution
		{ACEA4DC4-9829-4CF4-8048-165E5B28D536}.Debug|Any CPU.ActiveCfg = Debug|Any CPU
		{ACEA4DC4-9829-4CF4-8048-165E5B28D536}.Debug|Any CPU.Build.0 = Debug|Any CPU
		{ACEA4DC4-9829-4CF4-8048-165E5B28D536}.Release|Any CPU.ActiveCfg = Release|Any CPU
		{ACEA4DC4-9829-4CF4-8048-165E5B28D536}.Release|Any CPU.Build.0 = Release|Any CPU
	EndGlobalSection
	GlobalSection(SolutionProperties) = preSolution
		HideSolutionNode = FALSE
	EndGlobalSection
	GlobalSection(ExtensibilityGlobals) = postSolution
		SolutionGuid = {C3850284-8F12-4489-9E92-513F3390535D}
	EndGlobalSection
EndGlobal
