
Microsoft Visual Studio Solution File, Format Version 12.00
# Visual Studio Version 16
VisualStudioVersion = 16.0.32228.343
MinimumVisualStudioVersion = 10.0.40219.1
Project("{9A19103F-16F7-4668-BE54-9A1E7A4F7556}") = "Entrada1", "Entrada\Entrada1.csproj", "{F4A89533-E01D-4CB3-BC1D-FBB1C1FEA298}"
EndProject
Project("{FAE04EC0-301F-11D3-BF4B-00C04F79EFBC}") = "Entrada2", "Entrada2\Entrada2.csproj", "{06A472CA-1766-4C84-B664-DF1F157466B4}"
EndProject
Project("{FAE04EC0-301F-11D3-BF4B-00C04F79EFBC}") = "Exercicio", "Exercicio\Exercicio.csproj", "{5E57BA08-EE12-426B-9E16-840D9E7B5258}"
EndProject
Global
	GlobalSection(SolutionConfigurationPlatforms) = preSolution
		Debug|Any CPU = Debug|Any CPU
		Release|Any CPU = Release|Any CPU
	EndGlobalSection
	GlobalSection(ProjectConfigurationPlatforms) = postSolution
		{F4A89533-E01D-4CB3-BC1D-FBB1C1FEA298}.Debug|Any CPU.ActiveCfg = Debug|Any CPU
		{F4A89533-E01D-4CB3-BC1D-FBB1C1FEA298}.Debug|Any CPU.Build.0 = Debug|Any CPU
		{F4A89533-E01D-4CB3-BC1D-FBB1C1FEA298}.Release|Any CPU.ActiveCfg = Release|Any CPU
		{F4A89533-E01D-4CB3-BC1D-FBB1C1FEA298}.Release|Any CPU.Build.0 = Release|Any CPU
		{06A472CA-1766-4C84-B664-DF1F157466B4}.Debug|Any CPU.ActiveCfg = Debug|Any CPU
		{06A472CA-1766-4C84-B664-DF1F157466B4}.Debug|Any CPU.Build.0 = Debug|Any CPU
		{06A472CA-1766-4C84-B664-DF1F157466B4}.Release|Any CPU.ActiveCfg = Release|Any CPU
		{06A472CA-1766-4C84-B664-DF1F157466B4}.Release|Any CPU.Build.0 = Release|Any CPU
		{5E57BA08-EE12-426B-9E16-840D9E7B5258}.Debug|Any CPU.ActiveCfg = Debug|Any CPU
		{5E57BA08-EE12-426B-9E16-840D9E7B5258}.Debug|Any CPU.Build.0 = Debug|Any CPU
		{5E57BA08-EE12-426B-9E16-840D9E7B5258}.Release|Any CPU.ActiveCfg = Release|Any CPU
		{5E57BA08-EE12-426B-9E16-840D9E7B5258}.Release|Any CPU.Build.0 = Release|Any CPU
	EndGlobalSection
	GlobalSection(SolutionProperties) = preSolution
		HideSolutionNode = FALSE
	EndGlobalSection
	GlobalSection(ExtensibilityGlobals) = postSolution
		SolutionGuid = {FB4E604D-6472-41C8-833B-DF785AE11BA0}
	EndGlobalSection
EndGlobal
